// !$*UTF8*$!
{
	archiveVersion = 1;
	classes = {
	};
	objectVersion = 51;
	objects = {

/* Begin PBXBuildFile section */
		3B4681E7319B2A03C26D52CE /* Pods_LXLayoutModule.framework in Frameworks */ = {isa = PBXBuildFile; fileRef = B8963C18090DB53FC8CC7E38 /* Pods_LXLayoutModule.framework */; };
		762C52CC24EE5446008DFB57 /* AppDelegate.swift in Sources */ = {isa = PBXBuildFile; fileRef = 762C52CB24EE5446008DFB57 /* AppDelegate.swift */; };
		762C52D024EE5446008DFB57 /* LineViewController.swift in Sources */ = {isa = PBXBuildFile; fileRef = 762C52CF24EE5446008DFB57 /* LineViewController.swift */; };
		762C52D524EE5447008DFB57 /* Assets.xcassets in Resources */ = {isa = PBXBuildFile; fileRef = 762C52D424EE5447008DFB57 /* Assets.xcassets */; };
		762C52D824EE5447008DFB57 /* LaunchScreen.storyboard in Resources */ = {isa = PBXBuildFile; fileRef = 762C52D624EE5447008DFB57 /* LaunchScreen.storyboard */; };
		762C52E224EE561B008DFB57 /* LXLayoutManager.podspec in Resources */ = {isa = PBXBuildFile; fileRef = 762C52DF24EE561B008DFB57 /* LXLayoutManager.podspec */; };
		762C52EB24EEA2F1008DFB57 /* WaterViewController.swift in Sources */ = {isa = PBXBuildFile; fileRef = 762C52EA24EEA2F1008DFB57 /* WaterViewController.swift */; };
		762C52ED24EEA67A008DFB57 /* NormalViewController.swift in Sources */ = {isa = PBXBuildFile; fileRef = 762C52EC24EEA67A008DFB57 /* NormalViewController.swift */; };
		762C52F024EEA82A008DFB57 /* MainViewController.swift in Sources */ = {isa = PBXBuildFile; fileRef = 762C52EE24EEA82A008DFB57 /* MainViewController.swift */; };
		762C52F124EEA82A008DFB57 /* MainViewController.xib in Resources */ = {isa = PBXBuildFile; fileRef = 762C52EF24EEA82A008DFB57 /* MainViewController.xib */; };
/* End PBXBuildFile section */

/* Begin PBXFileReference section */
		55DC16981A4DCA7235108331 /* Pods-LXLayoutModule.release.xcconfig */ = {isa = PBXFileReference; includeInIndex = 1; lastKnownFileType = text.xcconfig; name = "Pods-LXLayoutModule.release.xcconfig"; path = "Target Support Files/Pods-LXLayoutModule/Pods-LXLayoutModule.release.xcconfig"; sourceTree = "<group>"; };
		762C52C824EE5446008DFB57 /* LXLayoutModule.app */ = {isa = PBXFileReference; explicitFileType = wrapper.application; includeInIndex = 0; path = LXLayoutModule.app; sourceTree = BUILT_PRODUCTS_DIR; };
		762C52CB24EE5446008DFB57 /* AppDelegate.swift */ = {isa = PBXFileReference; lastKnownFileType = sourcecode.swift; path = AppDelegate.swift; sourceTree = "<group>"; };
		762C52CF24EE5446008DFB57 /* LineViewController.swift */ = {isa = PBXFileReference; lastKnownFileType = sourcecode.swift; path = LineViewController.swift; sourceTree = "<group>"; };
		762C52D424EE5447008DFB57 /* Assets.xcassets */ = {isa = PBXFileReference; lastKnownFileType = folder.assetcatalog; path = Assets.xcassets; sourceTree = "<group>"; };
		762C52D724EE5447008DFB57 /* Base */ = {isa = PBXFileReference; lastKnownFileType = file.storyboard; name = Base; path = Base.lproj/LaunchScreen.storyboard; sourceTree = "<group>"; };
		762C52D924EE5447008DFB57 /* Info.plist */ = {isa = PBXFileReference; lastKnownFileType = text.plist.xml; path = Info.plist; sourceTree = "<group>"; };
		762C52DF24EE561B008DFB57 /* LXLayoutManager.podspec */ = {isa = PBXFileReference; fileEncoding = 4; lastKnownFileType = text; path = LXLayoutManager.podspec; sourceTree = "<group>"; xcLanguageSpecificationIdentifier = xcode.lang.ruby; };
		762C52EA24EEA2F1008DFB57 /* WaterViewController.swift */ = {isa = PBXFileReference; lastKnownFileType = sourcecode.swift; path = WaterViewController.swift; sourceTree = "<group>"; };
		762C52EC24EEA67A008DFB57 /* NormalViewController.swift */ = {isa = PBXFileReference; lastKnownFileType = sourcecode.swift; path = NormalViewController.swift; sourceTree = "<group>"; };
		762C52EE24EEA82A008DFB57 /* MainViewController.swift */ = {isa = PBXFileReference; lastKnownFileType = sourcecode.swift; path = MainViewController.swift; sourceTree = "<group>"; };
		762C52EF24EEA82A008DFB57 /* MainViewController.xib */ = {isa = PBXFileReference; lastKnownFileType = file.xib; path = MainViewController.xib; sourceTree = "<group>"; };
		B8963C18090DB53FC8CC7E38 /* Pods_LXLayoutModule.framework */ = {isa = PBXFileReference; explicitFileType = wrapper.framework; includeInIndex = 0; path = Pods_LXLayoutModule.framework; sourceTree = BUILT_PRODUCTS_DIR; };
		EC5E5A33C27426EB32C384D2 /* Pods-LXLayoutModule.debug.xcconfig */ = {isa = PBXFileReference; includeInIndex = 1; lastKnownFileType = text.xcconfig; name = "Pods-LXLayoutModule.debug.xcconfig"; path = "Target Support Files/Pods-LXLayoutModule/Pods-LXLayoutModule.debug.xcconfig"; sourceTree = "<group>"; };
/* End PBXFileReference section */

/* Begin PBXFrameworksBuildPhase section */
		762C52C524EE5446008DFB57 /* Frameworks */ = {
			isa = PBXFrameworksBuildPhase;
			buildActionMask = 2147483647;
			files = (
				3B4681E7319B2A03C26D52CE /* Pods_LXLayoutModule.framework in Frameworks */,
			);
			runOnlyForDeploymentPostprocessing = 0;
		};
/* End PBXFrameworksBuildPhase section */

/* Begin PBXGroup section */
		4A985B399B8DC6B8086EB489 /* Pods */ = {
			isa = PBXGroup;
			children = (
				EC5E5A33C27426EB32C384D2 /* Pods-LXLayoutModule.debug.xcconfig */,
				55DC16981A4DCA7235108331 /* Pods-LXLayoutModule.release.xcconfig */,
			);
			path = Pods;
			sourceTree = "<group>";
		};
		6A8799F7C2836260655C60B4 /* Frameworks */ = {
			isa = PBXGroup;
			children = (
				B8963C18090DB53FC8CC7E38 /* Pods_LXLayoutModule.framework */,
			);
			name = Frameworks;
			sourceTree = "<group>";
		};
		762C52BF24EE5446008DFB57 = {
			isa = PBXGroup;
			children = (
				762C52DF24EE561B008DFB57 /* LXLayoutManager.podspec */,
				762C52CA24EE5446008DFB57 /* LXLayoutModule */,
				762C52C924EE5446008DFB57 /* Products */,
				4A985B399B8DC6B8086EB489 /* Pods */,
				6A8799F7C2836260655C60B4 /* Frameworks */,
			);
			sourceTree = "<group>";
		};
		762C52C924EE5446008DFB57 /* Products */ = {
			isa = PBXGroup;
			children = (
				762C52C824EE5446008DFB57 /* LXLayoutModule.app */,
			);
			name = Products;
			sourceTree = "<group>";
		};
		762C52CA24EE5446008DFB57 /* LXLayoutModule */ = {
			isa = PBXGroup;
			children = (
				762C52CB24EE5446008DFB57 /* AppDelegate.swift */,
				762C52CF24EE5446008DFB57 /* LineViewController.swift */,
				762C52D424EE5447008DFB57 /* Assets.xcassets */,
				762C52D624EE5447008DFB57 /* LaunchScreen.storyboard */,
				762C52D924EE5447008DFB57 /* Info.plist */,
				762C52EA24EEA2F1008DFB57 /* WaterViewController.swift */,
				762C52EC24EEA67A008DFB57 /* NormalViewController.swift */,
				762C52EE24EEA82A008DFB57 /* MainViewController.swift */,
				762C52EF24EEA82A008DFB57 /* MainViewController.xib */,
			);
			path = LXLayoutModule;
			sourceTree = "<group>";
		};
/* End PBXGroup section */

/* Begin PBXNativeTarget section */
		762C52C724EE5446008DFB57 /* LXLayoutModule */ = {
			isa = PBXNativeTarget;
			buildConfigurationList = 762C52DC24EE5447008DFB57 /* Build configuration list for PBXNativeTarget "LXLayoutModule" */;
			buildPhases = (
				BA61CB47D25CD5954AE8A712 /* [CP] Check Pods Manifest.lock */,
				762C52C424EE5446008DFB57 /* Sources */,
				762C52C524EE5446008DFB57 /* Frameworks */,
				762C52C624EE5446008DFB57 /* Resources */,
				9030334AC7DAFB3DAC67DC86 /* [CP] Embed Pods Frameworks */,
			);
			buildRules = (
			);
			dependencies = (
			);
			name = LXLayoutModule;
			productName = LXLayoutModule;
			productReference = 762C52C824EE5446008DFB57 /* LXLayoutModule.app */;
			productType = "com.apple.product-type.application";
		};
/* End PBXNativeTarget section */

/* Begin PBXProject section */
		762C52C024EE5446008DFB57 /* Project object */ = {
			isa = PBXProject;
			attributes = {
				LastSwiftUpdateCheck = 1160;
				LastUpgradeCheck = 1160;
				ORGANIZATIONNAME = "李响";
				TargetAttributes = {
					762C52C724EE5446008DFB57 = {
						CreatedOnToolsVersion = 11.6;
					};
				};
			};
			buildConfigurationList = 762C52C324EE5446008DFB57 /* Build configuration list for PBXProject "LXLayoutModule" */;
			compatibilityVersion = "Xcode 9.3";
			developmentRegion = en;
			hasScannedForEncodings = 0;
			knownRegions = (
				en,
				Base,
			);
			mainGroup = 762C52BF24EE5446008DFB57;
			productRefGroup = 762C52C924EE5446008DFB57 /* Products */;
			projectDirPath = "";
			projectRoot = "";
			targets = (
				762C52C724EE5446008DFB57 /* LXLayoutModule */,
			);
		};
/* End PBXProject section */

/* Begin PBXResourcesBuildPhase section */
		762C52C624EE5446008DFB57 /* Resources */ = {
			isa = PBXResourcesBuildPhase;
			buildActionMask = 2147483647;
			files = (
				762C52E224EE561B008DFB57 /* LXLayoutManager.podspec in Resources */,
				762C52D824EE5447008DFB57 /* LaunchScreen.storyboard in Resources */,
				762C52D524EE5447008DFB57 /* Assets.xcassets in Resources */,
				762C52F124EEA82A008DFB57 /* MainViewController.xib in Resources */,
			);
			runOnlyForDeploymentPostprocessing = 0;
		};
/* End PBXResourcesBuildPhase section */

/* Begin PBXShellScriptBuildPhase section */
		9030334AC7DAFB3DAC67DC86 /* [CP] Embed Pods Frameworks */ = {
			isa = PBXShellScriptBuildPhase;
			buildActionMask = 2147483647;
			files = (
			);
			inputFileListPaths = (
				"${PODS_ROOT}/Target Support Files/Pods-LXLayoutModule/Pods-LXLayoutModule-frameworks-${CONFIGURATION}-input-files.xcfilelist",
			);
			name = "[CP] Embed Pods Frameworks";
			outputFileListPaths = (
				"${PODS_ROOT}/Target Support Files/Pods-LXLayoutModule/Pods-LXLayoutModule-frameworks-${CONFIGURATION}-output-files.xcfilelist",
			);
			runOnlyForDeploymentPostprocessing = 0;
			shellPath = /bin/sh;
			shellScript = "\"${PODS_ROOT}/Target Support Files/Pods-LXLayoutModule/Pods-LXLayoutModule-frameworks.sh\"\n";
			showEnvVarsInLog = 0;
		};
		BA61CB47D25CD5954AE8A712 /* [CP] Check Pods Manifest.lock */ = {
			isa = PBXShellScriptBuildPhase;
			buildActionMask = 2147483647;
			files = (
			);
			inputFileListPaths = (
			);
			inputPaths = (
				"${PODS_PODFILE_DIR_PATH}/Podfile.lock",
				"${PODS_ROOT}/Manifest.lock",
			);
			name = "[CP] Check Pods Manifest.lock";
			outputFileListPaths = (
			);
			outputPaths = (
				"$(DERIVED_FILE_DIR)/Pods-LXLayoutModule-checkManifestLockResult.txt",
			);
			runOnlyForDeploymentPostprocessing = 0;
			shellPath = /bin/sh;
			shellScript = "diff \"${PODS_PODFILE_DIR_PATH}/Podfile.lock\" \"${PODS_ROOT}/Manifest.lock\" > /dev/null\nif [ $? != 0 ] ; then\n    # print error to STDERR\n    echo \"error: The sandbox is not in sync with the Podfile.lock. Run 'pod install' or update your CocoaPods installation.\" >&2\n    exit 1\nfi\n# This output is used by Xcode 'outputs' to avoid re-running this script phase.\necho \"SUCCESS\" > \"${SCRIPT_OUTPUT_FILE_0}\"\n";
			showEnvVarsInLog = 0;
		};
/* End PBXShellScriptBuildPhase section */

/* Begin PBXSourcesBuildPhase section */
		762C52C424EE5446008DFB57 /* Sources */ = {
			isa = PBXSourcesBuildPhase;
			buildActionMask = 2147483647;
			files = (
				762C52D024EE5446008DFB57 /* LineViewController.swift in Sources */,
				762C52CC24EE5446008DFB57 /* AppDelegate.swift in Sources */,
				762C52ED24EEA67A008DFB57 /* NormalViewController.swift in Sources */,
				762C52F024EEA82A008DFB57 /* MainViewController.swift in Sources */,
				762C52EB24EEA2F1008DFB57 /* WaterViewController.swift in Sources */,
			);
			runOnlyForDeploymentPostprocessing = 0;
		};
/* End PBXSourcesBuildPhase section */

/* Begin PBXVariantGroup section */
		762C52D624EE5447008DFB57 /* LaunchScreen.storyboard */ = {
			isa = PBXVariantGroup;
			children = (
				762C52D724EE5447008DFB57 /* Base */,
			);
			name = LaunchScreen.storyboard;
			sourceTree = "<group>";
		};
/* End PBXVariantGroup section */

/* Begin XCBuildConfiguration section */
		762C52DA24EE5447008DFB57 /* Debug */ = {
			isa = XCBuildConfiguration;
			buildSettings = {
				ALWAYS_SEARCH_USER_PATHS = NO;
				CLANG_ANALYZER_NONNULL = YES;
				CLANG_ANALYZER_NUMBER_OBJECT_CONVERSION = YES_AGGRESSIVE;
				CLANG_CXX_LANGUAGE_STANDARD = "gnu++14";
				CLANG_CXX_LIBRARY = "libc++";
				CLANG_ENABLE_MODULES = YES;
				CLANG_ENABLE_OBJC_ARC = YES;
				CLANG_ENABLE_OBJC_WEAK = YES;
				CLANG_WARN_BLOCK_CAPTURE_AUTORELEASING = YES;
				CLANG_WARN_BOOL_CONVERSION = YES;
				CLANG_WARN_COMMA = YES;
				CLANG_WARN_CONSTANT_CONVERSION = YES;
				CLANG_WARN_DEPRECATED_OBJC_IMPLEMENTATIONS = YES;
				CLANG_WARN_DIRECT_OBJC_ISA_USAGE = YES_ERROR;
				CLANG_WARN_DOCUMENTATION_COMMENTS = YES;
				CLANG_WARN_EMPTY_BODY = YES;
				CLANG_WARN_ENUM_CONVERSION = YES;
				CLANG_WARN_INFINITE_RECURSION = YES;
				CLANG_WARN_INT_CONVERSION = YES;
				CLANG_WARN_NON_LITERAL_NULL_CONVERSION = YES;
				CLANG_WARN_OBJC_IMPLICIT_RETAIN_SELF = YES;
				CLANG_WARN_OBJC_LITERAL_CONVERSION = YES;
				CLANG_WARN_OBJC_ROOT_CLASS = YES_ERROR;
				CLANG_WARN_RANGE_LOOP_ANALYSIS = YES;
				CLANG_WARN_STRICT_PROTOTYPES = YES;
				CLANG_WARN_SUSPICIOUS_MOVE = YES;
				CLANG_WARN_UNGUARDED_AVAILABILITY = YES_AGGRESSIVE;
				CLANG_WARN_UNREACHABLE_CODE = YES;
				CLANG_WARN__DUPLICATE_METHOD_MATCH = YES;
				COPY_PHASE_STRIP = NO;
				DEBUG_INFORMATION_FORMAT = dwarf;
				ENABLE_STRICT_OBJC_MSGSEND = YES;
				ENABLE_TESTABILITY = YES;
				GCC_C_LANGUAGE_STANDARD = gnu11;
				GCC_DYNAMIC_NO_PIC = NO;
				GCC_NO_COMMON_BLOCKS = YES;
				GCC_OPTIMIZATION_LEVEL = 0;
				GCC_PREPROCESSOR_DEFINITIONS = (
					"DEBUG=1",
					"$(inherited)",
				);
				GCC_WARN_64_TO_32_BIT_CONVERSION = YES;
				GCC_WARN_ABOUT_RETURN_TYPE = YES_ERROR;
				GCC_WARN_UNDECLARED_SELECTOR = YES;
				GCC_WARN_UNINITIALIZED_AUTOS = YES_AGGRESSIVE;
				GCC_WARN_UNUSED_FUNCTION = YES;
				GCC_WARN_UNUSED_VARIABLE = YES;
				IPHONEOS_DEPLOYMENT_TARGET = 13.6;
				MTL_ENABLE_DEBUG_INFO = INCLUDE_SOURCE;
				MTL_FAST_MATH = YES;
				ONLY_ACTIVE_ARCH = YES;
				SDKROOT = iphoneos;
				SWIFT_ACTIVE_COMPILATION_CONDITIONS = DEBUG;
				SWIFT_OPTIMIZATION_LEVEL = "-Onone";
			};
			name = Debug;
		};
		762C52DB24EE5447008DFB57 /* Release */ = {
			isa = XCBuildConfiguration;
			buildSettings = {
				ALWAYS_SEARCH_USER_PATHS = NO;
				CLANG_ANALYZER_NONNULL = YES;
				CLANG_ANALYZER_NUMBER_OBJECT_CONVERSION = YES_AGGRESSIVE;
				CLANG_CXX_LANGUAGE_STANDARD = "gnu++14";
				CLANG_CXX_LIBRARY = "libc++";
				CLANG_ENABLE_MODULES = YES;
				CLANG_ENABLE_OBJC_ARC = YES;
				CLANG_ENABLE_OBJC_WEAK = YES;
				CLANG_WARN_BLOCK_CAPTURE_AUTORELEASING = YES;
				CLANG_WARN_BOOL_CONVERSION = YES;
				CLANG_WARN_COMMA = YES;
				CLANG_WARN_CONSTANT_CONVERSION = YES;
				CLANG_WARN_DEPRECATED_OBJC_IMPLEMENTATIONS = YES;
				CLANG_WARN_DIRECT_OBJC_ISA_USAGE = YES_ERROR;
				CLANG_WARN_DOCUMENTATION_COMMENTS = YES;
				CLANG_WARN_EMPTY_BODY = YES;
				CLANG_WARN_ENUM_CONVERSION = YES;
				CLANG_WARN_INFINITE_RECURSION = YES;
				CLANG_WARN_INT_CONVERSION = YES;
				CLANG_WARN_NON_LITERAL_NULL_CONVERSION = YES;
				CLANG_WARN_OBJC_IMPLICIT_RETAIN_SELF = YES;
				CLANG_WARN_OBJC_LITERAL_CONVERSION = YES;
				CLANG_WARN_OBJC_ROOT_CLASS = YES_ERROR;
				CLANG_WARN_RANGE_LOOP_ANALYSIS = YES;
				CLANG_WARN_STRICT_PROTOTYPES = YES;
				CLANG_WARN_SUSPICIOUS_MOVE = YES;
				CLANG_WARN_UNGUARDED_AVAILABILITY = YES_AGGRESSIVE;
				CLANG_WARN_UNREACHABLE_CODE = YES;
				CLANG_WARN__DUPLICATE_METHOD_MATCH = YES;
				COPY_PHASE_STRIP = NO;
				DEBUG_INFORMATION_FORMAT = "dwarf-with-dsym";
				ENABLE_NS_ASSERTIONS = NO;
				ENABLE_STRICT_OBJC_MSGSEND = YES;
				GCC_C_LANGUAGE_STANDARD = gnu11;
				GCC_NO_COMMON_BLOCKS = YES;
				GCC_WARN_64_TO_32_BIT_CONVERSION = YES;
				GCC_WARN_ABOUT_RETURN_TYPE = YES_ERROR;
				GCC_WARN_UNDECLARED_SELECTOR = YES;
				GCC_WARN_UNINITIALIZED_AUTOS = YES_AGGRESSIVE;
				GCC_WARN_UNUSED_FUNCTION = YES;
				GCC_WARN_UNUSED_VARIABLE = YES;
				IPHONEOS_DEPLOYMENT_TARGET = 13.6;
				MTL_ENABLE_DEBUG_INFO = NO;
				MTL_FAST_MATH = YES;
				SDKROOT = iphoneos;
				SWIFT_COMPILATION_MODE = wholemodule;
				SWIFT_OPTIMIZATION_LEVEL = "-O";
				VALIDATE_PRODUCT = YES;
			};
			name = Release;
		};
		762C52DD24EE5447008DFB57 /* Debug */ = {
			isa = XCBuildConfiguration;
			baseConfigurationReference = EC5E5A33C27426EB32C384D2 /* Pods-LXLayoutModule.debug.xcconfig */;
			buildSettings = {
				ASSETCATALOG_COMPILER_APPICON_NAME = AppIcon;
				CODE_SIGN_STYLE = Automatic;
				DEVELOPMENT_TEAM = R4ACXVJNVR;
				INFOPLIST_FILE = LXLayoutModule/Info.plist;
				IPHONEOS_DEPLOYMENT_TARGET = 11.0;
				LD_RUNPATH_SEARCH_PATHS = (
					"$(inherited)",
					"@executable_path/Frameworks",
				);
				PRODUCT_BUNDLE_IDENTIFIER = XLee.LXLayoutModule;
				PRODUCT_NAME = "$(TARGET_NAME)";
				SWIFT_VERSION = 5.0;
				TARGETED_DEVICE_FAMILY = "1,2";
			};
			name = Debug;
		};
		762C52DE24EE5447008DFB57 /* Release */ = {
			isa = XCBuildConfiguration;
			baseConfigurationReference = 55DC16981A4DCA7235108331 /* Pods-LXLayoutModule.release.xcconfig */;
			buildSettings = {
				ASSETCATALOG_COMPILER_APPICON_NAME = AppIcon;
				CODE_SIGN_STYLE = Automatic;
				DEVELOPMENT_TEAM = R4ACXVJNVR;
				INFOPLIST_FILE = LXLayoutModule/Info.plist;
				IPHONEOS_DEPLOYMENT_TARGET = 11.0;
				LD_RUNPATH_SEARCH_PATHS = (
					"$(inherited)",
					"@executable_path/Frameworks",
				);
				PRODUCT_BUNDLE_IDENTIFIER = XLee.LXLayoutModule;
				PRODUCT_NAME = "$(TARGET_NAME)";
				SWIFT_VERSION = 5.0;
				TARGETED_DEVICE_FAMILY = "1,2";
			};
			name = Release;
		};
/* End XCBuildConfiguration section */

/* Begin XCConfigurationList section */
		762C52C324EE5446008DFB57 /* Build configuration list for PBXProject "LXLayoutModule" */ = {
			isa = XCConfigurationList;
			buildConfigurations = (
				762C52DA24EE5447008DFB57 /* Debug */,
				762C52DB24EE5447008DFB57 /* Release */,
			);
			defaultConfigurationIsVisible = 0;
			defaultConfigurationName = Release;
		};
		762C52DC24EE5447008DFB57 /* Build configuration list for PBXNativeTarget "LXLayoutModule" */ = {
			isa = XCConfigurationList;
			buildConfigurations = (
				762C52DD24EE5447008DFB57 /* Debug */,
				762C52DE24EE5447008DFB57 /* Release */,
			);
			defaultConfigurationIsVisible = 0;
			defaultConfigurationName = Release;
		};
/* End XCConfigurationList section */
	};
	rootObject = 762C52C024EE5446008DFB57 /* Project object */;
}
